{
  "name": "El_Grano_De_Mostaza_MEVN2",
  "lockfileVersion": 3,
  "requires": true,
  "packages": {
    "": {
      "dependencies": {
        "vue-sessionstorage": "^1.0.0"
      }
    },
    "node_modules/vue-sessionstorage": {
      "version": "1.0.0",
      "resolved": "https://registry.npmjs.org/vue-sessionstorage/-/vue-sessionstorage-1.0.0.tgz",
      "integrity": "sha512-Axo8oY/3gcmU+OdsB/zePuoBCqmyjB2/ORUTrC/WVFm8OkMp8yYlzz6nOOzIU1Tgg6a4ogBaUa3loPtHROotbQ=="
    }
  }
}
